// !$*UTF8*$!
{
	archiveVersion = 1;
	classes = {
	};
	objectVersion = 56;
	objects = {

/* Begin PBXBuildFile section */
		67042E372B43F10600F92C12 /* CryptoAppApp.swift in Sources */ = {isa = PBXBuildFile; fileRef = 67042E362B43F10600F92C12 /* CryptoAppApp.swift */; };
		67042E392B43F10600F92C12 /* ContentView.swift in Sources */ = {isa = PBXBuildFile; fileRef = 67042E382B43F10600F92C12 /* ContentView.swift */; };
		67042E3B2B43F10700F92C12 /* Assets.xcassets in Resources */ = {isa = PBXBuildFile; fileRef = 67042E3A2B43F10700F92C12 /* Assets.xcassets */; };
		67042E3E2B43F10700F92C12 /* Preview Assets.xcassets in Resources */ = {isa = PBXBuildFile; fileRef = 67042E3D2B43F10700F92C12 /* Preview Assets.xcassets */; };
		67042E482B43F10700F92C12 /* CryptoAppTests.swift in Sources */ = {isa = PBXBuildFile; fileRef = 67042E472B43F10700F92C12 /* CryptoAppTests.swift */; };
		67042E522B43F10800F92C12 /* CryptoAppUITests.swift in Sources */ = {isa = PBXBuildFile; fileRef = 67042E512B43F10800F92C12 /* CryptoAppUITests.swift */; };
		67042E542B43F10800F92C12 /* CryptoAppUITestsLaunchTests.swift in Sources */ = {isa = PBXBuildFile; fileRef = 67042E532B43F10800F92C12 /* CryptoAppUITestsLaunchTests.swift */; };
		67042E622B43F36400F92C12 /* Color.swift in Sources */ = {isa = PBXBuildFile; fileRef = 67042E612B43F36400F92C12 /* Color.swift */; };
		67042E682B43F6B500F92C12 /* HomeView.swift in Sources */ = {isa = PBXBuildFile; fileRef = 67042E672B43F6B500F92C12 /* HomeView.swift */; };
		67042E6C2B43F76400F92C12 /* CircleButtonView.swift in Sources */ = {isa = PBXBuildFile; fileRef = 67042E6B2B43F76400F92C12 /* CircleButtonView.swift */; };
		67042E6F2B44811400F92C12 /* CoinModel.swift in Sources */ = {isa = PBXBuildFile; fileRef = 67042E6E2B44811400F92C12 /* CoinModel.swift */; };
		671105A32B53E3B6006DC600 /* CoinImageView.swift in Sources */ = {isa = PBXBuildFile; fileRef = 671105A22B53E3B6006DC600 /* CoinImageView.swift */; };
		671E5FAB2B56FCAD00974563 /* StatisticalModel.swift in Sources */ = {isa = PBXBuildFile; fileRef = 671E5FAA2B56FCAD00974563 /* StatisticalModel.swift */; };
		671E5FAD2B56FD7500974563 /* StatisticalView.swift in Sources */ = {isa = PBXBuildFile; fileRef = 671E5FAC2B56FD7500974563 /* StatisticalView.swift */; };
		671E5FAF2B5700E300974563 /* HomeStatsView.swift in Sources */ = {isa = PBXBuildFile; fileRef = 671E5FAE2B5700E300974563 /* HomeStatsView.swift */; };
		673265002B58524900DAB8DD /* MarketDataModel.swift in Sources */ = {isa = PBXBuildFile; fileRef = 673264FF2B58524900DAB8DD /* MarketDataModel.swift */; };
		675832212B55A882002E9C9B /* SearchBarView.swift in Sources */ = {isa = PBXBuildFile; fileRef = 675832202B55A882002E9C9B /* SearchBarView.swift */; };
		6764791D2B44F2C4009EE483 /* CoinRowView.swift in Sources */ = {isa = PBXBuildFile; fileRef = 6764791C2B44F2C4009EE483 /* CoinRowView.swift */; };
		6764791F2B44F335009EE483 /* PreviewProvider.swift in Sources */ = {isa = PBXBuildFile; fileRef = 6764791E2B44F335009EE483 /* PreviewProvider.swift */; };
		676479212B44FBB1009EE483 /* Double.swift in Sources */ = {isa = PBXBuildFile; fileRef = 676479202B44FBB1009EE483 /* Double.swift */; };
		676479232B4545A9009EE483 /* HomeViewModel.swift in Sources */ = {isa = PBXBuildFile; fileRef = 676479222B4545A9009EE483 /* HomeViewModel.swift */; };
		676479252B454FDC009EE483 /* CircleButtonAnimationView.swift in Sources */ = {isa = PBXBuildFile; fileRef = 676479242B454FDC009EE483 /* CircleButtonAnimationView.swift */; };
		676479282B4576B4009EE483 /* CoinDataService.swift in Sources */ = {isa = PBXBuildFile; fileRef = 676479272B4576B4009EE483 /* CoinDataService.swift */; };
		67C6047C2C04633D0055DF34 /* UIApplication.swift in Sources */ = {isa = PBXBuildFile; fileRef = 67C6047B2C04633D0055DF34 /* UIApplication.swift */; };
		67C6047E2C0477A40055DF34 /* MarketDataService.swift in Sources */ = {isa = PBXBuildFile; fileRef = 67C6047D2C0477A40055DF34 /* MarketDataService.swift */; };
		67C604802C047A1F0055DF34 /* NetworkManager.swift in Sources */ = {isa = PBXBuildFile; fileRef = 67C6047F2C047A1F0055DF34 /* NetworkManager.swift */; };
		67E7416A2CA94E6400DF8200 /* PortfolioView.swift in Sources */ = {isa = PBXBuildFile; fileRef = 67E741692CA94E6400DF8200 /* PortfolioView.swift */; };
		67E7416C2CA94EFD00DF8200 /* XMarkButton.swift in Sources */ = {isa = PBXBuildFile; fileRef = 67E7416B2CA94EFD00DF8200 /* XMarkButton.swift */; };
		67E7416E2CA951A400DF8200 /* CoinLogoView.swift in Sources */ = {isa = PBXBuildFile; fileRef = 67E7416D2CA951A400DF8200 /* CoinLogoView.swift */; };
		67F408262B540B3D009B44BE /* LocalFIleManager.swift in Sources */ = {isa = PBXBuildFile; fileRef = 67F408252B540B3D009B44BE /* LocalFIleManager.swift */; };
/* End PBXBuildFile section */

/* Begin PBXContainerItemProxy section */
		67042E442B43F10700F92C12 /* PBXContainerItemProxy */ = {
			isa = PBXContainerItemProxy;
			containerPortal = 67042E2B2B43F10600F92C12 /* Project object */;
			proxyType = 1;
			remoteGlobalIDString = 67042E322B43F10600F92C12;
			remoteInfo = CryptoApp;
		};
		67042E4E2B43F10800F92C12 /* PBXContainerItemProxy */ = {
			isa = PBXContainerItemProxy;
			containerPortal = 67042E2B2B43F10600F92C12 /* Project object */;
			proxyType = 1;
			remoteGlobalIDString = 67042E322B43F10600F92C12;
			remoteInfo = CryptoApp;
		};
/* End PBXContainerItemProxy section */

/* Begin PBXFileReference section */
		67042E332B43F10600F92C12 /* CryptoApp.app */ = {isa = PBXFileReference; explicitFileType = wrapper.application; includeInIndex = 0; path = CryptoApp.app; sourceTree = BUILT_PRODUCTS_DIR; };
		67042E362B43F10600F92C12 /* CryptoAppApp.swift */ = {isa = PBXFileReference; lastKnownFileType = sourcecode.swift; path = CryptoAppApp.swift; sourceTree = "<group>"; };
		67042E382B43F10600F92C12 /* ContentView.swift */ = {isa = PBXFileReference; lastKnownFileType = sourcecode.swift; path = ContentView.swift; sourceTree = "<group>"; };
		67042E3A2B43F10700F92C12 /* Assets.xcassets */ = {isa = PBXFileReference; lastKnownFileType = folder.assetcatalog; path = Assets.xcassets; sourceTree = "<group>"; };
		67042E3D2B43F10700F92C12 /* Preview Assets.xcassets */ = {isa = PBXFileReference; lastKnownFileType = folder.assetcatalog; path = "Preview Assets.xcassets"; sourceTree = "<group>"; };
		67042E432B43F10700F92C12 /* CryptoAppTests.xctest */ = {isa = PBXFileReference; explicitFileType = wrapper.cfbundle; includeInIndex = 0; path = CryptoAppTests.xctest; sourceTree = BUILT_PRODUCTS_DIR; };
		67042E472B43F10700F92C12 /* CryptoAppTests.swift */ = {isa = PBXFileReference; lastKnownFileType = sourcecode.swift; path = CryptoAppTests.swift; sourceTree = "<group>"; };
		67042E4D2B43F10800F92C12 /* CryptoAppUITests.xctest */ = {isa = PBXFileReference; explicitFileType = wrapper.cfbundle; includeInIndex = 0; path = CryptoAppUITests.xctest; sourceTree = BUILT_PRODUCTS_DIR; };
		67042E512B43F10800F92C12 /* CryptoAppUITests.swift */ = {isa = PBXFileReference; lastKnownFileType = sourcecode.swift; path = CryptoAppUITests.swift; sourceTree = "<group>"; };
		67042E532B43F10800F92C12 /* CryptoAppUITestsLaunchTests.swift */ = {isa = PBXFileReference; lastKnownFileType = sourcecode.swift; path = CryptoAppUITestsLaunchTests.swift; sourceTree = "<group>"; };
		67042E612B43F36400F92C12 /* Color.swift */ = {isa = PBXFileReference; lastKnownFileType = sourcecode.swift; path = Color.swift; sourceTree = "<group>"; };
		67042E672B43F6B500F92C12 /* HomeView.swift */ = {isa = PBXFileReference; lastKnownFileType = sourcecode.swift; path = HomeView.swift; sourceTree = "<group>"; };
		67042E6B2B43F76400F92C12 /* CircleButtonView.swift */ = {isa = PBXFileReference; lastKnownFileType = sourcecode.swift; path = CircleButtonView.swift; sourceTree = "<group>"; };
		67042E6E2B44811400F92C12 /* CoinModel.swift */ = {isa = PBXFileReference; lastKnownFileType = sourcecode.swift; path = CoinModel.swift; sourceTree = "<group>"; };
		671105A22B53E3B6006DC600 /* CoinImageView.swift */ = {isa = PBXFileReference; lastKnownFileType = sourcecode.swift; path = CoinImageView.swift; sourceTree = "<group>"; };
		671E5FAA2B56FCAD00974563 /* StatisticalModel.swift */ = {isa = PBXFileReference; lastKnownFileType = sourcecode.swift; path = StatisticalModel.swift; sourceTree = "<group>"; };
		671E5FAC2B56FD7500974563 /* StatisticalView.swift */ = {isa = PBXFileReference; lastKnownFileType = sourcecode.swift; path = StatisticalView.swift; sourceTree = "<group>"; };
		671E5FAE2B5700E300974563 /* HomeStatsView.swift */ = {isa = PBXFileReference; lastKnownFileType = sourcecode.swift; path = HomeStatsView.swift; sourceTree = "<group>"; };
		673264FF2B58524900DAB8DD /* MarketDataModel.swift */ = {isa = PBXFileReference; lastKnownFileType = sourcecode.swift; path = MarketDataModel.swift; sourceTree = "<group>"; };
		675832202B55A882002E9C9B /* SearchBarView.swift */ = {isa = PBXFileReference; lastKnownFileType = sourcecode.swift; path = SearchBarView.swift; sourceTree = "<group>"; };
		6764791C2B44F2C4009EE483 /* CoinRowView.swift */ = {isa = PBXFileReference; lastKnownFileType = sourcecode.swift; path = CoinRowView.swift; sourceTree = "<group>"; };
		6764791E2B44F335009EE483 /* PreviewProvider.swift */ = {isa = PBXFileReference; lastKnownFileType = sourcecode.swift; path = PreviewProvider.swift; sourceTree = "<group>"; };
		676479202B44FBB1009EE483 /* Double.swift */ = {isa = PBXFileReference; lastKnownFileType = sourcecode.swift; path = Double.swift; sourceTree = "<group>"; };
		676479222B4545A9009EE483 /* HomeViewModel.swift */ = {isa = PBXFileReference; lastKnownFileType = sourcecode.swift; path = HomeViewModel.swift; sourceTree = "<group>"; };
		676479242B454FDC009EE483 /* CircleButtonAnimationView.swift */ = {isa = PBXFileReference; lastKnownFileType = sourcecode.swift; path = CircleButtonAnimationView.swift; sourceTree = "<group>"; };
		676479272B4576B4009EE483 /* CoinDataService.swift */ = {isa = PBXFileReference; lastKnownFileType = sourcecode.swift; path = CoinDataService.swift; sourceTree = "<group>"; };
		67C6047B2C04633D0055DF34 /* UIApplication.swift */ = {isa = PBXFileReference; lastKnownFileType = sourcecode.swift; path = UIApplication.swift; sourceTree = "<group>"; };
		67C6047D2C0477A40055DF34 /* MarketDataService.swift */ = {isa = PBXFileReference; lastKnownFileType = sourcecode.swift; path = MarketDataService.swift; sourceTree = "<group>"; };
		67C6047F2C047A1F0055DF34 /* NetworkManager.swift */ = {isa = PBXFileReference; lastKnownFileType = sourcecode.swift; path = NetworkManager.swift; sourceTree = "<group>"; };
		67E741692CA94E6400DF8200 /* PortfolioView.swift */ = {isa = PBXFileReference; lastKnownFileType = sourcecode.swift; path = PortfolioView.swift; sourceTree = "<group>"; };
		67E7416B2CA94EFD00DF8200 /* XMarkButton.swift */ = {isa = PBXFileReference; lastKnownFileType = sourcecode.swift; path = XMarkButton.swift; sourceTree = "<group>"; };
		67E7416D2CA951A400DF8200 /* CoinLogoView.swift */ = {isa = PBXFileReference; lastKnownFileType = sourcecode.swift; path = CoinLogoView.swift; sourceTree = "<group>"; };
		67F408252B540B3D009B44BE /* LocalFIleManager.swift */ = {isa = PBXFileReference; lastKnownFileType = sourcecode.swift; path = LocalFIleManager.swift; sourceTree = "<group>"; };
/* End PBXFileReference section */

/* Begin PBXFrameworksBuildPhase section */
		67042E302B43F10600F92C12 /* Frameworks */ = {
			isa = PBXFrameworksBuildPhase;
			buildActionMask = 2147483647;
			files = (
			);
			runOnlyForDeploymentPostprocessing = 0;
		};
		67042E402B43F10700F92C12 /* Frameworks */ = {
			isa = PBXFrameworksBuildPhase;
			buildActionMask = 2147483647;
			files = (
			);
			runOnlyForDeploymentPostprocessing = 0;
		};
		67042E4A2B43F10800F92C12 /* Frameworks */ = {
			isa = PBXFrameworksBuildPhase;
			buildActionMask = 2147483647;
			files = (
			);
			runOnlyForDeploymentPostprocessing = 0;
		};
/* End PBXFrameworksBuildPhase section */

/* Begin PBXGroup section */
		67042E2A2B43F10600F92C12 = {
			isa = PBXGroup;
			children = (
				67042E352B43F10600F92C12 /* CryptoApp */,
				67042E462B43F10700F92C12 /* CryptoAppTests */,
				67042E502B43F10800F92C12 /* CryptoAppUITests */,
				67042E342B43F10600F92C12 /* Products */,
			);
			sourceTree = "<group>";
		};
		67042E342B43F10600F92C12 /* Products */ = {
			isa = PBXGroup;
			children = (
				67042E332B43F10600F92C12 /* CryptoApp.app */,
				67042E432B43F10700F92C12 /* CryptoAppTests.xctest */,
				67042E4D2B43F10800F92C12 /* CryptoAppUITests.xctest */,
			);
			name = Products;
			sourceTree = "<group>";
		};
		67042E352B43F10600F92C12 /* CryptoApp */ = {
			isa = PBXGroup;
			children = (
				67F408242B540B26009B44BE /* Utilities */,
				676479262B457697009EE483 /* Services */,
				67042E6D2B44810500F92C12 /* Models */,
				67042E632B43F68100F92C12 /* Core */,
				67042E602B43F35200F92C12 /* Extensions */,
				67042E362B43F10600F92C12 /* CryptoAppApp.swift */,
				67042E382B43F10600F92C12 /* ContentView.swift */,
				67042E3A2B43F10700F92C12 /* Assets.xcassets */,
				67042E3C2B43F10700F92C12 /* Preview Content */,
			);
			path = CryptoApp;
			sourceTree = "<group>";
		};
		67042E3C2B43F10700F92C12 /* Preview Content */ = {
			isa = PBXGroup;
			children = (
				67042E3D2B43F10700F92C12 /* Preview Assets.xcassets */,
			);
			path = "Preview Content";
			sourceTree = "<group>";
		};
		67042E462B43F10700F92C12 /* CryptoAppTests */ = {
			isa = PBXGroup;
			children = (
				67042E472B43F10700F92C12 /* CryptoAppTests.swift */,
			);
			path = CryptoAppTests;
			sourceTree = "<group>";
		};
		67042E502B43F10800F92C12 /* CryptoAppUITests */ = {
			isa = PBXGroup;
			children = (
				67042E512B43F10800F92C12 /* CryptoAppUITests.swift */,
				67042E532B43F10800F92C12 /* CryptoAppUITestsLaunchTests.swift */,
			);
			path = CryptoAppUITests;
			sourceTree = "<group>";
		};
		67042E602B43F35200F92C12 /* Extensions */ = {
			isa = PBXGroup;
			children = (
				67042E612B43F36400F92C12 /* Color.swift */,
				6764791E2B44F335009EE483 /* PreviewProvider.swift */,
				676479202B44FBB1009EE483 /* Double.swift */,
				67C6047B2C04633D0055DF34 /* UIApplication.swift */,
			);
			path = Extensions;
			sourceTree = "<group>";
		};
		67042E632B43F68100F92C12 /* Core */ = {
			isa = PBXGroup;
			children = (
				67042E692B43F74100F92C12 /* Components */,
				67042E642B43F68800F92C12 /* Home */,
			);
			path = Core;
			sourceTree = "<group>";
		};
		67042E642B43F68800F92C12 /* Home */ = {
			isa = PBXGroup;
			children = (
				67042E662B43F69A00F92C12 /* Views */,
				67042E652B43F69100F92C12 /* ViewModels */,
			);
			path = Home;
			sourceTree = "<group>";
		};
		67042E652B43F69100F92C12 /* ViewModels */ = {
			isa = PBXGroup;
			children = (
				676479222B4545A9009EE483 /* HomeViewModel.swift */,
			);
			path = ViewModels;
			sourceTree = "<group>";
		};
		67042E662B43F69A00F92C12 /* Views */ = {
			isa = PBXGroup;
			children = (
				67042E672B43F6B500F92C12 /* HomeView.swift */,
				6764791C2B44F2C4009EE483 /* CoinRowView.swift */,
				671E5FAE2B5700E300974563 /* HomeStatsView.swift */,
				67E741692CA94E6400DF8200 /* PortfolioView.swift */,
			);
			path = Views;
			sourceTree = "<group>";
		};
		67042E692B43F74100F92C12 /* Components */ = {
			isa = PBXGroup;
			children = (
				671105A12B53E38A006DC600 /* CoinImageView */,
				67042E6A2B43F75000F92C12 /* CircleButton */,
				675832202B55A882002E9C9B /* SearchBarView.swift */,
				671E5FAC2B56FD7500974563 /* StatisticalView.swift */,
				67E7416B2CA94EFD00DF8200 /* XMarkButton.swift */,
				67E7416D2CA951A400DF8200 /* CoinLogoView.swift */,
			);
			path = Components;
			sourceTree = "<group>";
		};
		67042E6A2B43F75000F92C12 /* CircleButton */ = {
			isa = PBXGroup;
			children = (
				67042E6B2B43F76400F92C12 /* CircleButtonView.swift */,
				676479242B454FDC009EE483 /* CircleButtonAnimationView.swift */,
			);
			path = CircleButton;
			sourceTree = "<group>";
		};
		67042E6D2B44810500F92C12 /* Models */ = {
			isa = PBXGroup;
			children = (
				67042E6E2B44811400F92C12 /* CoinModel.swift */,
				671E5FAA2B56FCAD00974563 /* StatisticalModel.swift */,
				673264FF2B58524900DAB8DD /* MarketDataModel.swift */,
			);
			path = Models;
			sourceTree = "<group>";
		};
		671105A12B53E38A006DC600 /* CoinImageView */ = {
			isa = PBXGroup;
			children = (
				671105A22B53E3B6006DC600 /* CoinImageView.swift */,
			);
			path = CoinImageView;
			sourceTree = "<group>";
		};
		676479262B457697009EE483 /* Services */ = {
			isa = PBXGroup;
			children = (
				676479272B4576B4009EE483 /* CoinDataService.swift */,
				67C6047D2C0477A40055DF34 /* MarketDataService.swift */,
			);
			path = Services;
			sourceTree = "<group>";
		};
		67F408242B540B26009B44BE /* Utilities */ = {
			isa = PBXGroup;
			children = (
				67F408252B540B3D009B44BE /* LocalFIleManager.swift */,
				67C6047F2C047A1F0055DF34 /* NetworkManager.swift */,
			);
			path = Utilities;
			sourceTree = "<group>";
		};
/* End PBXGroup section */

/* Begin PBXNativeTarget section */
		67042E322B43F10600F92C12 /* CryptoApp */ = {
			isa = PBXNativeTarget;
			buildConfigurationList = 67042E572B43F10800F92C12 /* Build configuration list for PBXNativeTarget "CryptoApp" */;
			buildPhases = (
				67042E2F2B43F10600F92C12 /* Sources */,
				67042E302B43F10600F92C12 /* Frameworks */,
				67042E312B43F10600F92C12 /* Resources */,
			);
			buildRules = (
			);
			dependencies = (
			);
			name = CryptoApp;
			productName = CryptoApp;
			productReference = 67042E332B43F10600F92C12 /* CryptoApp.app */;
			productType = "com.apple.product-type.application";
		};
		67042E422B43F10700F92C12 /* CryptoAppTests */ = {
			isa = PBXNativeTarget;
			buildConfigurationList = 67042E5A2B43F10800F92C12 /* Build configuration list for PBXNativeTarget "CryptoAppTests" */;
			buildPhases = (
				67042E3F2B43F10700F92C12 /* Sources */,
				67042E402B43F10700F92C12 /* Frameworks */,
				67042E412B43F10700F92C12 /* Resources */,
			);
			buildRules = (
			);
			dependencies = (
				67042E452B43F10700F92C12 /* PBXTargetDependency */,
			);
			name = CryptoAppTests;
			productName = CryptoAppTests;
			productReference = 67042E432B43F10700F92C12 /* CryptoAppTests.xctest */;
			productType = "com.apple.product-type.bundle.unit-test";
		};
		67042E4C2B43F10800F92C12 /* CryptoAppUITests */ = {
			isa = PBXNativeTarget;
			buildConfigurationList = 67042E5D2B43F10800F92C12 /* Build configuration list for PBXNativeTarget "CryptoAppUITests" */;
			buildPhases = (
				67042E492B43F10800F92C12 /* Sources */,
				67042E4A2B43F10800F92C12 /* Frameworks */,
				67042E4B2B43F10800F92C12 /* Resources */,
			);
			buildRules = (
			);
			dependencies = (
				67042E4F2B43F10800F92C12 /* PBXTargetDependency */,
			);
			name = CryptoAppUITests;
			productName = CryptoAppUITests;
			productReference = 67042E4D2B43F10800F92C12 /* CryptoAppUITests.xctest */;
			productType = "com.apple.product-type.bundle.ui-testing";
		};
/* End PBXNativeTarget section */

/* Begin PBXProject section */
		67042E2B2B43F10600F92C12 /* Project object */ = {
			isa = PBXProject;
			attributes = {
				BuildIndependentTargetsInParallel = 1;
				LastSwiftUpdateCheck = 1510;
				LastUpgradeCheck = 1510;
				TargetAttributes = {
					67042E322B43F10600F92C12 = {
						CreatedOnToolsVersion = 15.1;
					};
					67042E422B43F10700F92C12 = {
						CreatedOnToolsVersion = 15.1;
						TestTargetID = 67042E322B43F10600F92C12;
					};
					67042E4C2B43F10800F92C12 = {
						CreatedOnToolsVersion = 15.1;
						TestTargetID = 67042E322B43F10600F92C12;
					};
				};
			};
			buildConfigurationList = 67042E2E2B43F10600F92C12 /* Build configuration list for PBXProject "CryptoApp" */;
			compatibilityVersion = "Xcode 14.0";
			developmentRegion = en;
			hasScannedForEncodings = 0;
			knownRegions = (
				en,
				Base,
			);
			mainGroup = 67042E2A2B43F10600F92C12;
			productRefGroup = 67042E342B43F10600F92C12 /* Products */;
			projectDirPath = "";
			projectRoot = "";
			targets = (
				67042E322B43F10600F92C12 /* CryptoApp */,
				67042E422B43F10700F92C12 /* CryptoAppTests */,
				67042E4C2B43F10800F92C12 /* CryptoAppUITests */,
			);
		};
/* End PBXProject section */

/* Begin PBXResourcesBuildPhase section */
		67042E312B43F10600F92C12 /* Resources */ = {
			isa = PBXResourcesBuildPhase;
			buildActionMask = 2147483647;
			files = (
				67042E3E2B43F10700F92C12 /* Preview Assets.xcassets in Resources */,
				67042E3B2B43F10700F92C12 /* Assets.xcassets in Resources */,
			);
			runOnlyForDeploymentPostprocessing = 0;
		};
		67042E412B43F10700F92C12 /* Resources */ = {
			isa = PBXResourcesBuildPhase;
			buildActionMask = 2147483647;
			files = (
			);
			runOnlyForDeploymentPostprocessing = 0;
		};
		67042E4B2B43F10800F92C12 /* Resources */ = {
			isa = PBXResourcesBuildPhase;
			buildActionMask = 2147483647;
			files = (
			);
			runOnlyForDeploymentPostprocessing = 0;
		};
/* End PBXResourcesBuildPhase section */

/* Begin PBXSourcesBuildPhase section */
		67042E2F2B43F10600F92C12 /* Sources */ = {
			isa = PBXSourcesBuildPhase;
			buildActionMask = 2147483647;
			files = (
				671105A32B53E3B6006DC600 /* CoinImageView.swift in Sources */,
				67E7416E2CA951A400DF8200 /* CoinLogoView.swift in Sources */,
				676479282B4576B4009EE483 /* CoinDataService.swift in Sources */,
				67042E392B43F10600F92C12 /* ContentView.swift in Sources */,
				676479252B454FDC009EE483 /* CircleButtonAnimationView.swift in Sources */,
				67C604802C047A1F0055DF34 /* NetworkManager.swift in Sources */,
				67042E682B43F6B500F92C12 /* HomeView.swift in Sources */,
				67C6047E2C0477A40055DF34 /* MarketDataService.swift in Sources */,
				67042E372B43F10600F92C12 /* CryptoAppApp.swift in Sources */,
				676479232B4545A9009EE483 /* HomeViewModel.swift in Sources */,
				671E5FAD2B56FD7500974563 /* StatisticalView.swift in Sources */,
				67C6047C2C04633D0055DF34 /* UIApplication.swift in Sources */,
				67E7416C2CA94EFD00DF8200 /* XMarkButton.swift in Sources */,
				671E5FAB2B56FCAD00974563 /* StatisticalModel.swift in Sources */,
				67042E6C2B43F76400F92C12 /* CircleButtonView.swift in Sources */,
				67042E6F2B44811400F92C12 /* CoinModel.swift in Sources */,
				671E5FAF2B5700E300974563 /* HomeStatsView.swift in Sources */,
				6764791F2B44F335009EE483 /* PreviewProvider.swift in Sources */,
				67E7416A2CA94E6400DF8200 /* PortfolioView.swift in Sources */,
				6764791D2B44F2C4009EE483 /* CoinRowView.swift in Sources */,
				67F408262B540B3D009B44BE /* LocalFIleManager.swift in Sources */,
				673265002B58524900DAB8DD /* MarketDataModel.swift in Sources */,
				676479212B44FBB1009EE483 /* Double.swift in Sources */,
				67042E622B43F36400F92C12 /* Color.swift in Sources */,
				675832212B55A882002E9C9B /* SearchBarView.swift in Sources */,
			);
			runOnlyForDeploymentPostprocessing = 0;
		};
		67042E3F2B43F10700F92C12 /* Sources */ = {
			isa = PBXSourcesBuildPhase;
			buildActionMask = 2147483647;
			files = (
				67042E482B43F10700F92C12 /* CryptoAppTests.swift in Sources */,
			);
			runOnlyForDeploymentPostprocessing = 0;
		};
		67042E492B43F10800F92C12 /* Sources */ = {
			isa = PBXSourcesBuildPhase;
			buildActionMask = 2147483647;
			files = (
				67042E522B43F10800F92C12 /* CryptoAppUITests.swift in Sources */,
				67042E542B43F10800F92C12 /* CryptoAppUITestsLaunchTests.swift in Sources */,
			);
			runOnlyForDeploymentPostprocessing = 0;
		};
/* End PBXSourcesBuildPhase section */

/* Begin PBXTargetDependency section */
		67042E452B43F10700F92C12 /* PBXTargetDependency */ = {
			isa = PBXTargetDependency;
			target = 67042E322B43F10600F92C12 /* CryptoApp */;
			targetProxy = 67042E442B43F10700F92C12 /* PBXContainerItemProxy */;
		};
		67042E4F2B43F10800F92C12 /* PBXTargetDependency */ = {
			isa = PBXTargetDependency;
			target = 67042E322B43F10600F92C12 /* CryptoApp */;
			targetProxy = 67042E4E2B43F10800F92C12 /* PBXContainerItemProxy */;
		};
/* End PBXTargetDependency section */

/* Begin XCBuildConfiguration section */
		67042E552B43F10800F92C12 /* Debug */ = {
			isa = XCBuildConfiguration;
			buildSettings = {
				ALWAYS_SEARCH_USER_PATHS = NO;
				ASSETCATALOG_COMPILER_GENERATE_SWIFT_ASSET_SYMBOL_EXTENSIONS = YES;
				CLANG_ANALYZER_NONNULL = YES;
				CLANG_ANALYZER_NUMBER_OBJECT_CONVERSION = YES_AGGRESSIVE;
				CLANG_CXX_LANGUAGE_STANDARD = "gnu++20";
				CLANG_ENABLE_MODULES = YES;
				CLANG_ENABLE_OBJC_ARC = YES;
				CLANG_ENABLE_OBJC_WEAK = YES;
				CLANG_WARN_BLOCK_CAPTURE_AUTORELEASING = YES;
				CLANG_WARN_BOOL_CONVERSION = YES;
				CLANG_WARN_COMMA = YES;
				CLANG_WARN_CONSTANT_CONVERSION = YES;
				CLANG_WARN_DEPRECATED_OBJC_IMPLEMENTATIONS = YES;
				CLANG_WARN_DIRECT_OBJC_ISA_USAGE = YES_ERROR;
				CLANG_WARN_DOCUMENTATION_COMMENTS = YES;
				CLANG_WARN_EMPTY_BODY = YES;
				CLANG_WARN_ENUM_CONVERSION = YES;
				CLANG_WARN_INFINITE_RECURSION = YES;
				CLANG_WARN_INT_CONVERSION = YES;
				CLANG_WARN_NON_LITERAL_NULL_CONVERSION = YES;
				CLANG_WARN_OBJC_IMPLICIT_RETAIN_SELF = YES;
				CLANG_WARN_OBJC_LITERAL_CONVERSION = YES;
				CLANG_WARN_OBJC_ROOT_CLASS = YES_ERROR;
				CLANG_WARN_QUOTED_INCLUDE_IN_FRAMEWORK_HEADER = YES;
				CLANG_WARN_RANGE_LOOP_ANALYSIS = YES;
				CLANG_WARN_STRICT_PROTOTYPES = YES;
				CLANG_WARN_SUSPICIOUS_MOVE = YES;
				CLANG_WARN_UNGUARDED_AVAILABILITY = YES_AGGRESSIVE;
				CLANG_WARN_UNREACHABLE_CODE = YES;
				CLANG_WARN__DUPLICATE_METHOD_MATCH = YES;
				COPY_PHASE_STRIP = NO;
				DEBUG_INFORMATION_FORMAT = dwarf;
				ENABLE_STRICT_OBJC_MSGSEND = YES;
				ENABLE_TESTABILITY = YES;
				ENABLE_USER_SCRIPT_SANDBOXING = YES;
				GCC_C_LANGUAGE_STANDARD = gnu17;
				GCC_DYNAMIC_NO_PIC = NO;
				GCC_NO_COMMON_BLOCKS = YES;
				GCC_OPTIMIZATION_LEVEL = 0;
				GCC_PREPROCESSOR_DEFINITIONS = (
					"DEBUG=1",
					"$(inherited)",
				);
				GCC_WARN_64_TO_32_BIT_CONVERSION = YES;
				GCC_WARN_ABOUT_RETURN_TYPE = YES_ERROR;
				GCC_WARN_UNDECLARED_SELECTOR = YES;
				GCC_WARN_UNINITIALIZED_AUTOS = YES_AGGRESSIVE;
				GCC_WARN_UNUSED_FUNCTION = YES;
				GCC_WARN_UNUSED_VARIABLE = YES;
				IPHONEOS_DEPLOYMENT_TARGET = 17.2;
				LOCALIZATION_PREFERS_STRING_CATALOGS = YES;
				MTL_ENABLE_DEBUG_INFO = INCLUDE_SOURCE;
				MTL_FAST_MATH = YES;
				ONLY_ACTIVE_ARCH = YES;
				SDKROOT = iphoneos;
				SWIFT_ACTIVE_COMPILATION_CONDITIONS = "DEBUG $(inherited)";
				SWIFT_OPTIMIZATION_LEVEL = "-Onone";
			};
			name = Debug;
		};
		67042E562B43F10800F92C12 /* Release */ = {
			isa = XCBuildConfiguration;
			buildSettings = {
				ALWAYS_SEARCH_USER_PATHS = NO;
				ASSETCATALOG_COMPILER_GENERATE_SWIFT_ASSET_SYMBOL_EXTENSIONS = YES;
				CLANG_ANALYZER_NONNULL = YES;
				CLANG_ANALYZER_NUMBER_OBJECT_CONVERSION = YES_AGGRESSIVE;
				CLANG_CXX_LANGUAGE_STANDARD = "gnu++20";
				CLANG_ENABLE_MODULES = YES;
				CLANG_ENABLE_OBJC_ARC = YES;
				CLANG_ENABLE_OBJC_WEAK = YES;
				CLANG_WARN_BLOCK_CAPTURE_AUTORELEASING = YES;
				CLANG_WARN_BOOL_CONVERSION = YES;
				CLANG_WARN_COMMA = YES;
				CLANG_WARN_CONSTANT_CONVERSION = YES;
				CLANG_WARN_DEPRECATED_OBJC_IMPLEMENTATIONS = YES;
				CLANG_WARN_DIRECT_OBJC_ISA_USAGE = YES_ERROR;
				CLANG_WARN_DOCUMENTATION_COMMENTS = YES;
				CLANG_WARN_EMPTY_BODY = YES;
				CLANG_WARN_ENUM_CONVERSION = YES;
				CLANG_WARN_INFINITE_RECURSION = YES;
				CLANG_WARN_INT_CONVERSION = YES;
				CLANG_WARN_NON_LITERAL_NULL_CONVERSION = YES;
				CLANG_WARN_OBJC_IMPLICIT_RETAIN_SELF = YES;
				CLANG_WARN_OBJC_LITERAL_CONVERSION = YES;
				CLANG_WARN_OBJC_ROOT_CLASS = YES_ERROR;
				CLANG_WARN_QUOTED_INCLUDE_IN_FRAMEWORK_HEADER = YES;
				CLANG_WARN_RANGE_LOOP_ANALYSIS = YES;
				CLANG_WARN_STRICT_PROTOTYPES = YES;
				CLANG_WARN_SUSPICIOUS_MOVE = YES;
				CLANG_WARN_UNGUARDED_AVAILABILITY = YES_AGGRESSIVE;
				CLANG_WARN_UNREACHABLE_CODE = YES;
				CLANG_WARN__DUPLICATE_METHOD_MATCH = YES;
				COPY_PHASE_STRIP = NO;
				DEBUG_INFORMATION_FORMAT = "dwarf-with-dsym";
				ENABLE_NS_ASSERTIONS = NO;
				ENABLE_STRICT_OBJC_MSGSEND = YES;
				ENABLE_USER_SCRIPT_SANDBOXING = YES;
				GCC_C_LANGUAGE_STANDARD = gnu17;
				GCC_NO_COMMON_BLOCKS = YES;
				GCC_WARN_64_TO_32_BIT_CONVERSION = YES;
				GCC_WARN_ABOUT_RETURN_TYPE = YES_ERROR;
				GCC_WARN_UNDECLARED_SELECTOR = YES;
				GCC_WARN_UNINITIALIZED_AUTOS = YES_AGGRESSIVE;
				GCC_WARN_UNUSED_FUNCTION = YES;
				GCC_WARN_UNUSED_VARIABLE = YES;
				IPHONEOS_DEPLOYMENT_TARGET = 17.2;
				LOCALIZATION_PREFERS_STRING_CATALOGS = YES;
				MTL_ENABLE_DEBUG_INFO = NO;
				MTL_FAST_MATH = YES;
				SDKROOT = iphoneos;
				SWIFT_COMPILATION_MODE = wholemodule;
				VALIDATE_PRODUCT = YES;
			};
			name = Release;
		};
		67042E582B43F10800F92C12 /* Debug */ = {
			isa = XCBuildConfiguration;
			buildSettings = {
				ASSETCATALOG_COMPILER_APPICON_NAME = AppIcon;
				ASSETCATALOG_COMPILER_GLOBAL_ACCENT_COLOR_NAME = AccentColor;
				CODE_SIGN_STYLE = Automatic;
				CURRENT_PROJECT_VERSION = 1;
				DEVELOPMENT_ASSET_PATHS = "\"CryptoApp/Preview Content\"";
				DEVELOPMENT_TEAM = 9LCC49V7VY;
				ENABLE_PREVIEWS = YES;
				GENERATE_INFOPLIST_FILE = YES;
				INFOPLIST_KEY_UIApplicationSceneManifest_Generation = YES;
				INFOPLIST_KEY_UIApplicationSupportsIndirectInputEvents = YES;
				INFOPLIST_KEY_UILaunchScreen_Generation = YES;
				INFOPLIST_KEY_UISupportedInterfaceOrientations_iPad = "UIInterfaceOrientationPortrait UIInterfaceOrientationPortraitUpsideDown UIInterfaceOrientationLandscapeLeft UIInterfaceOrientationLandscapeRight";
				INFOPLIST_KEY_UISupportedInterfaceOrientations_iPhone = "UIInterfaceOrientationPortrait UIInterfaceOrientationLandscapeLeft UIInterfaceOrientationLandscapeRight";
				LD_RUNPATH_SEARCH_PATHS = (
					"$(inherited)",
					"@executable_path/Frameworks",
				);
				MARKETING_VERSION = 1.0;
				PRODUCT_BUNDLE_IDENTIFIER = co.amanG.CryptoApp;
				PRODUCT_NAME = "$(TARGET_NAME)";
				SWIFT_EMIT_LOC_STRINGS = YES;
				SWIFT_VERSION = 5.0;
				TARGETED_DEVICE_FAMILY = "1,2";
			};
			name = Debug;
		};
		67042E592B43F10800F92C12 /* Release */ = {
			isa = XCBuildConfiguration;
			buildSettings = {
				ASSETCATALOG_COMPILER_APPICON_NAME = AppIcon;
				ASSETCATALOG_COMPILER_GLOBAL_ACCENT_COLOR_NAME = AccentColor;
				CODE_SIGN_STYLE = Automatic;
				CURRENT_PROJECT_VERSION = 1;
				DEVELOPMENT_ASSET_PATHS = "\"CryptoApp/Preview Content\"";
				DEVELOPMENT_TEAM = 9LCC49V7VY;
				ENABLE_PREVIEWS = YES;
				GENERATE_INFOPLIST_FILE = YES;
				INFOPLIST_KEY_UIApplicationSceneManifest_Generation = YES;
				INFOPLIST_KEY_UIApplicationSupportsIndirectInputEvents = YES;
				INFOPLIST_KEY_UILaunchScreen_Generation = YES;
				INFOPLIST_KEY_UISupportedInterfaceOrientations_iPad = "UIInterfaceOrientationPortrait UIInterfaceOrientationPortraitUpsideDown UIInterfaceOrientationLandscapeLeft UIInterfaceOrientationLandscapeRight";
				INFOPLIST_KEY_UISupportedInterfaceOrientations_iPhone = "UIInterfaceOrientationPortrait UIInterfaceOrientationLandscapeLeft UIInterfaceOrientationLandscapeRight";
				LD_RUNPATH_SEARCH_PATHS = (
					"$(inherited)",
					"@executable_path/Frameworks",
				);
				MARKETING_VERSION = 1.0;
				PRODUCT_BUNDLE_IDENTIFIER = co.amanG.CryptoApp;
				PRODUCT_NAME = "$(TARGET_NAME)";
				SWIFT_EMIT_LOC_STRINGS = YES;
				SWIFT_VERSION = 5.0;
				TARGETED_DEVICE_FAMILY = "1,2";
			};
			name = Release;
		};
		67042E5B2B43F10800F92C12 /* Debug */ = {
			isa = XCBuildConfiguration;
			buildSettings = {
				ALWAYS_EMBED_SWIFT_STANDARD_LIBRARIES = YES;
				BUNDLE_LOADER = "$(TEST_HOST)";
				CODE_SIGN_STYLE = Automatic;
				CURRENT_PROJECT_VERSION = 1;
				DEVELOPMENT_TEAM = 9LCC49V7VY;
				GENERATE_INFOPLIST_FILE = YES;
				IPHONEOS_DEPLOYMENT_TARGET = 17.2;
				MARKETING_VERSION = 1.0;
				PRODUCT_BUNDLE_IDENTIFIER = co.amanG.CryptoAppTests;
				PRODUCT_NAME = "$(TARGET_NAME)";
				SWIFT_EMIT_LOC_STRINGS = NO;
				SWIFT_VERSION = 5.0;
				TARGETED_DEVICE_FAMILY = "1,2";
				TEST_HOST = "$(BUILT_PRODUCTS_DIR)/CryptoApp.app/$(BUNDLE_EXECUTABLE_FOLDER_PATH)/CryptoApp";
			};
			name = Debug;
		};
		67042E5C2B43F10800F92C12 /* Release */ = {
			isa = XCBuildConfiguration;
			buildSettings = {
				ALWAYS_EMBED_SWIFT_STANDARD_LIBRARIES = YES;
				BUNDLE_LOADER = "$(TEST_HOST)";
				CODE_SIGN_STYLE = Automatic;
				CURRENT_PROJECT_VERSION = 1;
				DEVELOPMENT_TEAM = 9LCC49V7VY;
				GENERATE_INFOPLIST_FILE = YES;
				IPHONEOS_DEPLOYMENT_TARGET = 17.2;
				MARKETING_VERSION = 1.0;
				PRODUCT_BUNDLE_IDENTIFIER = co.amanG.CryptoAppTests;
				PRODUCT_NAME = "$(TARGET_NAME)";
				SWIFT_EMIT_LOC_STRINGS = NO;
				SWIFT_VERSION = 5.0;
				TARGETED_DEVICE_FAMILY = "1,2";
				TEST_HOST = "$(BUILT_PRODUCTS_DIR)/CryptoApp.app/$(BUNDLE_EXECUTABLE_FOLDER_PATH)/CryptoApp";
			};
			name = Release;
		};
		67042E5E2B43F10800F92C12 /* Debug */ = {
			isa = XCBuildConfiguration;
			buildSettings = {
				ALWAYS_EMBED_SWIFT_STANDARD_LIBRARIES = YES;
				CODE_SIGN_STYLE = Automatic;
				CURRENT_PROJECT_VERSION = 1;
				DEVELOPMENT_TEAM = 9LCC49V7VY;
				GENERATE_INFOPLIST_FILE = YES;
				MARKETING_VERSION = 1.0;
				PRODUCT_BUNDLE_IDENTIFIER = co.amanG.CryptoAppUITests;
				PRODUCT_NAME = "$(TARGET_NAME)";
				SWIFT_EMIT_LOC_STRINGS = NO;
				SWIFT_VERSION = 5.0;
				TARGETED_DEVICE_FAMILY = "1,2";
				TEST_TARGET_NAME = CryptoApp;
			};
			name = Debug;
		};
		67042E5F2B43F10800F92C12 /* Release */ = {
			isa = XCBuildConfiguration;
			buildSettings = {
				ALWAYS_EMBED_SWIFT_STANDARD_LIBRARIES = YES;
				CODE_SIGN_STYLE = Automatic;
				CURRENT_PROJECT_VERSION = 1;
				DEVELOPMENT_TEAM = 9LCC49V7VY;
				GENERATE_INFOPLIST_FILE = YES;
				MARKETING_VERSION = 1.0;
				PRODUCT_BUNDLE_IDENTIFIER = co.amanG.CryptoAppUITests;
				PRODUCT_NAME = "$(TARGET_NAME)";
				SWIFT_EMIT_LOC_STRINGS = NO;
				SWIFT_VERSION = 5.0;
				TARGETED_DEVICE_FAMILY = "1,2";
				TEST_TARGET_NAME = CryptoApp;
			};
			name = Release;
		};
/* End XCBuildConfiguration section */

/* Begin XCConfigurationList section */
		67042E2E2B43F10600F92C12 /* Build configuration list for PBXProject "CryptoApp" */ = {
			isa = XCConfigurationList;
			buildConfigurations = (
				67042E552B43F10800F92C12 /* Debug */,
				67042E562B43F10800F92C12 /* Release */,
			);
			defaultConfigurationIsVisible = 0;
			defaultConfigurationName = Release;
		};
		67042E572B43F10800F92C12 /* Build configuration list for PBXNativeTarget "CryptoApp" */ = {
			isa = XCConfigurationList;
			buildConfigurations = (
				67042E582B43F10800F92C12 /* Debug */,
				67042E592B43F10800F92C12 /* Release */,
			);
			defaultConfigurationIsVisible = 0;
			defaultConfigurationName = Release;
		};
		67042E5A2B43F10800F92C12 /* Build configuration list for PBXNativeTarget "CryptoAppTests" */ = {
			isa = XCConfigurationList;
			buildConfigurations = (
				67042E5B2B43F10800F92C12 /* Debug */,
				67042E5C2B43F10800F92C12 /* Release */,
			);
			defaultConfigurationIsVisible = 0;
			defaultConfigurationName = Release;
		};
		67042E5D2B43F10800F92C12 /* Build configuration list for PBXNativeTarget "CryptoAppUITests" */ = {
			isa = XCConfigurationList;
			buildConfigurations = (
				67042E5E2B43F10800F92C12 /* Debug */,
				67042E5F2B43F10800F92C12 /* Release */,
			);
			defaultConfigurationIsVisible = 0;
			defaultConfigurationName = Release;
		};
/* End XCConfigurationList section */
	};
	rootObject = 67042E2B2B43F10600F92C12 /* Project object */;
}
